
Microsoft Visual Studio Solution File, Format Version 12.00
# Visual Studio Version 17
VisualStudioVersion = 17.8.34408.163
MinimumVisualStudioVersion = 10.0.40219.1
Project("{FAE04EC0-301F-11D3-BF4B-00C04F79EFBC}") = "GameBai", "GameBai.csproj", "{29420EF8-2842-422A-A1C8-022EAFEC46FF}"
EndProject
Project("{2150E333-8FDC-42A3-9474-1A3956D46DE8}") = "Solution Items", "Solution Items", "{16950D03-D31C-40C9-A126-007CF86DF492}"
	ProjectSection(SolutionItems) = preProject
		.editorconfig = .editorconfig
	EndProjectSection
EndProject
Global
	GlobalSection(SolutionConfigurationPlatforms) = preSolution
		Debug|Any CPU = Debug|Any CPU
		Release|Any CPU = Release|Any CPU
	EndGlobalSection
	GlobalSection(ProjectConfigurationPlatforms) = postSolution
		{29420EF8-2842-422A-A1C8-022EAFEC46FF}.Debug|Any CPU.ActiveCfg = Debug|Any CPU
		{29420EF8-2842-422A-A1C8-022EAFEC46FF}.Debug|Any CPU.Build.0 = Debug|Any CPU
		{29420EF8-2842-422A-A1C8-022EAFEC46FF}.Release|Any CPU.ActiveCfg = Release|Any CPU
		{29420EF8-2842-422A-A1C8-022EAFEC46FF}.Release|Any CPU.Build.0 = Release|Any CPU
	EndGlobalSection
	GlobalSection(SolutionProperties) = preSolution
		HideSolutionNode = FALSE
	EndGlobalSection
	GlobalSection(ExtensibilityGlobals) = postSolution
		SolutionGuid = {7EBA0550-EDF8-451B-9A72-11291D9FDBD4}
	EndGlobalSection
EndGlobal
